// !$*UTF8*$!
{
	archiveVersion = 1;
	classes = {
	};
	objectVersion = 56;
	objects = {

/* Begin PBXBuildFile section */
		86ED02F42A9F4F7B003E3BAB /* Workshop_30_08App.swift in Sources */ = {isa = PBXBuildFile; fileRef = 86ED02F32A9F4F7B003E3BAB /* Workshop_30_08App.swift */; };
		86ED02F62A9F4F7B003E3BAB /* PostListView.swift in Sources */ = {isa = PBXBuildFile; fileRef = 86ED02F52A9F4F7B003E3BAB /* PostListView.swift */; };
		86ED02F82A9F4F80003E3BAB /* Assets.xcassets in Resources */ = {isa = PBXBuildFile; fileRef = 86ED02F72A9F4F80003E3BAB /* Assets.xcassets */; };
		86ED02FB2A9F4F80003E3BAB /* Preview Assets.xcassets in Resources */ = {isa = PBXBuildFile; fileRef = 86ED02FA2A9F4F80003E3BAB /* Preview Assets.xcassets */; };
		86ED03022A9F5040003E3BAB /* Endpoint.swift in Sources */ = {isa = PBXBuildFile; fileRef = 86ED03012A9F5040003E3BAB /* Endpoint.swift */; };
		86ED03042A9F51AE003E3BAB /* Post.swift in Sources */ = {isa = PBXBuildFile; fileRef = 86ED03032A9F51AE003E3BAB /* Post.swift */; };
		86ED03092A9F53E2003E3BAB /* ApiClient.swift in Sources */ = {isa = PBXBuildFile; fileRef = 86ED03082A9F53E2003E3BAB /* ApiClient.swift */; };
		86ED030B2A9F63CF003E3BAB /* PostListViewModel.swift in Sources */ = {isa = PBXBuildFile; fileRef = 86ED030A2A9F63CF003E3BAB /* PostListViewModel.swift */; };
		86ED030F2A9F988E003E3BAB /* PostDetailView.swift in Sources */ = {isa = PBXBuildFile; fileRef = 86ED030E2A9F988E003E3BAB /* PostDetailView.swift */; };
		86ED03112A9F9919003E3BAB /* PostDetailViewModel.swift in Sources */ = {isa = PBXBuildFile; fileRef = 86ED03102A9F9919003E3BAB /* PostDetailViewModel.swift */; };
/* End PBXBuildFile section */

/* Begin PBXFileReference section */
		86ED02F02A9F4F7B003E3BAB /* Workshop_30.08.app */ = {isa = PBXFileReference; explicitFileType = wrapper.application; includeInIndex = 0; path = Workshop_30.08.app; sourceTree = BUILT_PRODUCTS_DIR; };
		86ED02F32A9F4F7B003E3BAB /* Workshop_30_08App.swift */ = {isa = PBXFileReference; lastKnownFileType = sourcecode.swift; path = Workshop_30_08App.swift; sourceTree = "<group>"; };
		86ED02F52A9F4F7B003E3BAB /* PostListView.swift */ = {isa = PBXFileReference; lastKnownFileType = sourcecode.swift; path = PostListView.swift; sourceTree = "<group>"; };
		86ED02F72A9F4F80003E3BAB /* Assets.xcassets */ = {isa = PBXFileReference; lastKnownFileType = folder.assetcatalog; path = Assets.xcassets; sourceTree = "<group>"; };
		86ED02FA2A9F4F80003E3BAB /* Preview Assets.xcassets */ = {isa = PBXFileReference; lastKnownFileType = folder.assetcatalog; path = "Preview Assets.xcassets"; sourceTree = "<group>"; };
		86ED03012A9F5040003E3BAB /* Endpoint.swift */ = {isa = PBXFileReference; lastKnownFileType = sourcecode.swift; path = Endpoint.swift; sourceTree = "<group>"; };
		86ED03032A9F51AE003E3BAB /* Post.swift */ = {isa = PBXFileReference; lastKnownFileType = sourcecode.swift; path = Post.swift; sourceTree = "<group>"; };
		86ED03082A9F53E2003E3BAB /* ApiClient.swift */ = {isa = PBXFileReference; lastKnownFileType = sourcecode.swift; path = ApiClient.swift; sourceTree = "<group>"; };
		86ED030A2A9F63CF003E3BAB /* PostListViewModel.swift */ = {isa = PBXFileReference; lastKnownFileType = sourcecode.swift; path = PostListViewModel.swift; sourceTree = "<group>"; };
		86ED030C2A9F797F003E3BAB /* Workshop-30-08-Info.plist */ = {isa = PBXFileReference; lastKnownFileType = text.plist; path = "Workshop-30-08-Info.plist"; sourceTree = SOURCE_ROOT; };
		86ED030E2A9F988E003E3BAB /* PostDetailView.swift */ = {isa = PBXFileReference; lastKnownFileType = sourcecode.swift; path = PostDetailView.swift; sourceTree = "<group>"; };
		86ED03102A9F9919003E3BAB /* PostDetailViewModel.swift */ = {isa = PBXFileReference; lastKnownFileType = sourcecode.swift; path = PostDetailViewModel.swift; sourceTree = "<group>"; };
/* End PBXFileReference section */

/* Begin PBXFrameworksBuildPhase section */
		86ED02ED2A9F4F7B003E3BAB /* Frameworks */ = {
			isa = PBXFrameworksBuildPhase;
			buildActionMask = 2147483647;
			files = (
			);
			runOnlyForDeploymentPostprocessing = 0;
		};
/* End PBXFrameworksBuildPhase section */

/* Begin PBXGroup section */
		86ED02E72A9F4F7B003E3BAB = {
			isa = PBXGroup;
			children = (
				86ED02F22A9F4F7B003E3BAB /* Workshop_30.08 */,
				86ED02F12A9F4F7B003E3BAB /* Products */,
			);
			sourceTree = "<group>";
		};
		86ED02F12A9F4F7B003E3BAB /* Products */ = {
			isa = PBXGroup;
			children = (
				86ED02F02A9F4F7B003E3BAB /* Workshop_30.08.app */,
			);
			name = Products;
			sourceTree = "<group>";
		};
		86ED02F22A9F4F7B003E3BAB /* Workshop_30.08 */ = {
			isa = PBXGroup;
			children = (
				86ED030D2A9F9879003E3BAB /* DetailModule */,
				86ED030C2A9F797F003E3BAB /* Workshop-30-08-Info.plist */,
				86ED02F32A9F4F7B003E3BAB /* Workshop_30_08App.swift */,
				86ED03072A9F5284003E3BAB /* MainModule */,
				86ED02F72A9F4F80003E3BAB /* Assets.xcassets */,
				86ED02F92A9F4F80003E3BAB /* Preview Content */,
				86ED03062A9F526F003E3BAB /* Service */,
				86ED03052A9F5264003E3BAB /* Models */,
			);
			path = Workshop_30.08;
			sourceTree = "<group>";
		};
		86ED02F92A9F4F80003E3BAB /* Preview Content */ = {
			isa = PBXGroup;
			children = (
				86ED02FA2A9F4F80003E3BAB /* Preview Assets.xcassets */,
			);
			path = "Preview Content";
			sourceTree = "<group>";
		};
		86ED03052A9F5264003E3BAB /* Models */ = {
			isa = PBXGroup;
			children = (
				86ED03032A9F51AE003E3BAB /* Post.swift */,
			);
			path = Models;
			sourceTree = "<group>";
		};
		86ED03062A9F526F003E3BAB /* Service */ = {
			isa = PBXGroup;
			children = (
				86ED03012A9F5040003E3BAB /* Endpoint.swift */,
				86ED03082A9F53E2003E3BAB /* ApiClient.swift */,
			);
			path = Service;
			sourceTree = "<group>";
		};
		86ED03072A9F5284003E3BAB /* MainModule */ = {
			isa = PBXGroup;
			children = (
				86ED02F52A9F4F7B003E3BAB /* PostListView.swift */,
				86ED030A2A9F63CF003E3BAB /* PostListViewModel.swift */,
			);
			path = MainModule;
			sourceTree = "<group>";
		};
		86ED030D2A9F9879003E3BAB /* DetailModule */ = {
			isa = PBXGroup;
			children = (
				86ED030E2A9F988E003E3BAB /* PostDetailView.swift */,
				86ED03102A9F9919003E3BAB /* PostDetailViewModel.swift */,
			);
			path = DetailModule;
			sourceTree = "<group>";
		};
/* End PBXGroup section */

/* Begin PBXNativeTarget section */
		86ED02EF2A9F4F7B003E3BAB /* Workshop_30.08 */ = {
			isa = PBXNativeTarget;
			buildConfigurationList = 86ED02FE2A9F4F80003E3BAB /* Build configuration list for PBXNativeTarget "Workshop_30.08" */;
			buildPhases = (
				86ED02EC2A9F4F7B003E3BAB /* Sources */,
				86ED02ED2A9F4F7B003E3BAB /* Frameworks */,
				86ED02EE2A9F4F7B003E3BAB /* Resources */,
			);
			buildRules = (
			);
			dependencies = (
			);
			name = Workshop_30.08;
			productName = Workshop_30.08;
			productReference = 86ED02F02A9F4F7B003E3BAB /* Workshop_30.08.app */;
			productType = "com.apple.product-type.application";
		};
/* End PBXNativeTarget section */

/* Begin PBXProject section */
		86ED02E82A9F4F7B003E3BAB /* Project object */ = {
			isa = PBXProject;
			attributes = {
				BuildIndependentTargetsInParallel = 1;
				LastSwiftUpdateCheck = 1500;
				LastUpgradeCheck = 1500;
				TargetAttributes = {
					86ED02EF2A9F4F7B003E3BAB = {
						CreatedOnToolsVersion = 15.0;
					};
				};
			};
			buildConfigurationList = 86ED02EB2A9F4F7B003E3BAB /* Build configuration list for PBXProject "Workshop_30.08" */;
			compatibilityVersion = "Xcode 14.0";
			developmentRegion = en;
			hasScannedForEncodings = 0;
			knownRegions = (
				en,
				Base,
			);
			mainGroup = 86ED02E72A9F4F7B003E3BAB;
			productRefGroup = 86ED02F12A9F4F7B003E3BAB /* Products */;
			projectDirPath = "";
			projectRoot = "";
			targets = (
				86ED02EF2A9F4F7B003E3BAB /* Workshop_30.08 */,
			);
		};
/* End PBXProject section */

/* Begin PBXResourcesBuildPhase section */
		86ED02EE2A9F4F7B003E3BAB /* Resources */ = {
			isa = PBXResourcesBuildPhase;
			buildActionMask = 2147483647;
			files = (
				86ED02FB2A9F4F80003E3BAB /* Preview Assets.xcassets in Resources */,
				86ED02F82A9F4F80003E3BAB /* Assets.xcassets in Resources */,
			);
			runOnlyForDeploymentPostprocessing = 0;
		};
/* End PBXResourcesBuildPhase section */

/* Begin PBXSourcesBuildPhase section */
		86ED02EC2A9F4F7B003E3BAB /* Sources */ = {
			isa = PBXSourcesBuildPhase;
			buildActionMask = 2147483647;
			files = (
				86ED02F62A9F4F7B003E3BAB /* PostListView.swift in Sources */,
				86ED03112A9F9919003E3BAB /* PostDetailViewModel.swift in Sources */,
				86ED03022A9F5040003E3BAB /* Endpoint.swift in Sources */,
				86ED02F42A9F4F7B003E3BAB /* Workshop_30_08App.swift in Sources */,
				86ED03042A9F51AE003E3BAB /* Post.swift in Sources */,
				86ED030F2A9F988E003E3BAB /* PostDetailView.swift in Sources */,
				86ED030B2A9F63CF003E3BAB /* PostListViewModel.swift in Sources */,
				86ED03092A9F53E2003E3BAB /* ApiClient.swift in Sources */,
			);
			runOnlyForDeploymentPostprocessing = 0;
		};
/* End PBXSourcesBuildPhase section */

/* Begin XCBuildConfiguration section */
		86ED02FC2A9F4F80003E3BAB /* Debug */ = {
			isa = XCBuildConfiguration;
			buildSettings = {
				ALWAYS_SEARCH_USER_PATHS = NO;
				ASSETCATALOG_COMPILER_GENERATE_SWIFT_ASSET_SYMBOL_EXTENSIONS = YES;
				CLANG_ANALYZER_NONNULL = YES;
				CLANG_ANALYZER_NUMBER_OBJECT_CONVERSION = YES_AGGRESSIVE;
				CLANG_CXX_LANGUAGE_STANDARD = "gnu++20";
				CLANG_ENABLE_MODULES = YES;
				CLANG_ENABLE_OBJC_ARC = YES;
				CLANG_ENABLE_OBJC_WEAK = YES;
				CLANG_WARN_BLOCK_CAPTURE_AUTORELEASING = YES;
				CLANG_WARN_BOOL_CONVERSION = YES;
				CLANG_WARN_COMMA = YES;
				CLANG_WARN_CONSTANT_CONVERSION = YES;
				CLANG_WARN_DEPRECATED_OBJC_IMPLEMENTATIONS = YES;
				CLANG_WARN_DIRECT_OBJC_ISA_USAGE = YES_ERROR;
				CLANG_WARN_DOCUMENTATION_COMMENTS = YES;
				CLANG_WARN_EMPTY_BODY = YES;
				CLANG_WARN_ENUM_CONVERSION = YES;
				CLANG_WARN_INFINITE_RECURSION = YES;
				CLANG_WARN_INT_CONVERSION = YES;
				CLANG_WARN_NON_LITERAL_NULL_CONVERSION = YES;
				CLANG_WARN_OBJC_IMPLICIT_RETAIN_SELF = YES;
				CLANG_WARN_OBJC_LITERAL_CONVERSION = YES;
				CLANG_WARN_OBJC_ROOT_CLASS = YES_ERROR;
				CLANG_WARN_QUOTED_INCLUDE_IN_FRAMEWORK_HEADER = YES;
				CLANG_WARN_RANGE_LOOP_ANALYSIS = YES;
				CLANG_WARN_STRICT_PROTOTYPES = YES;
				CLANG_WARN_SUSPICIOUS_MOVE = YES;
				CLANG_WARN_UNGUARDED_AVAILABILITY = YES_AGGRESSIVE;
				CLANG_WARN_UNREACHABLE_CODE = YES;
				CLANG_WARN__DUPLICATE_METHOD_MATCH = YES;
				COPY_PHASE_STRIP = NO;
				DEBUG_INFORMATION_FORMAT = dwarf;
				ENABLE_STRICT_OBJC_MSGSEND = YES;
				ENABLE_TESTABILITY = YES;
				ENABLE_USER_SCRIPT_SANDBOXING = YES;
				GCC_C_LANGUAGE_STANDARD = gnu17;
				GCC_DYNAMIC_NO_PIC = NO;
				GCC_NO_COMMON_BLOCKS = YES;
				GCC_OPTIMIZATION_LEVEL = 0;
				GCC_PREPROCESSOR_DEFINITIONS = (
					"DEBUG=1",
					"$(inherited)",
				);
				GCC_WARN_64_TO_32_BIT_CONVERSION = YES;
				GCC_WARN_ABOUT_RETURN_TYPE = YES_ERROR;
				GCC_WARN_UNDECLARED_SELECTOR = YES;
				GCC_WARN_UNINITIALIZED_AUTOS = YES_AGGRESSIVE;
				GCC_WARN_UNUSED_FUNCTION = YES;
				GCC_WARN_UNUSED_VARIABLE = YES;
				IPHONEOS_DEPLOYMENT_TARGET = 17.0;
				LOCALIZATION_PREFERS_STRING_CATALOGS = YES;
				MTL_ENABLE_DEBUG_INFO = INCLUDE_SOURCE;
				MTL_FAST_MATH = YES;
				ONLY_ACTIVE_ARCH = YES;
				SDKROOT = iphoneos;
				SWIFT_ACTIVE_COMPILATION_CONDITIONS = "DEBUG $(inherited)";
				SWIFT_OPTIMIZATION_LEVEL = "-Onone";
			};
			name = Debug;
		};
		86ED02FD2A9F4F80003E3BAB /* Release */ = {
			isa = XCBuildConfiguration;
			buildSettings = {
				ALWAYS_SEARCH_USER_PATHS = NO;
				ASSETCATALOG_COMPILER_GENERATE_SWIFT_ASSET_SYMBOL_EXTENSIONS = YES;
				CLANG_ANALYZER_NONNULL = YES;
				CLANG_ANALYZER_NUMBER_OBJECT_CONVERSION = YES_AGGRESSIVE;
				CLANG_CXX_LANGUAGE_STANDARD = "gnu++20";
				CLANG_ENABLE_MODULES = YES;
				CLANG_ENABLE_OBJC_ARC = YES;
				CLANG_ENABLE_OBJC_WEAK = YES;
				CLANG_WARN_BLOCK_CAPTURE_AUTORELEASING = YES;
				CLANG_WARN_BOOL_CONVERSION = YES;
				CLANG_WARN_COMMA = YES;
				CLANG_WARN_CONSTANT_CONVERSION = YES;
				CLANG_WARN_DEPRECATED_OBJC_IMPLEMENTATIONS = YES;
				CLANG_WARN_DIRECT_OBJC_ISA_USAGE = YES_ERROR;
				CLANG_WARN_DOCUMENTATION_COMMENTS = YES;
				CLANG_WARN_EMPTY_BODY = YES;
				CLANG_WARN_ENUM_CONVERSION = YES;
				CLANG_WARN_INFINITE_RECURSION = YES;
				CLANG_WARN_INT_CONVERSION = YES;
				CLANG_WARN_NON_LITERAL_NULL_CONVERSION = YES;
				CLANG_WARN_OBJC_IMPLICIT_RETAIN_SELF = YES;
				CLANG_WARN_OBJC_LITERAL_CONVERSION = YES;
				CLANG_WARN_OBJC_ROOT_CLASS = YES_ERROR;
				CLANG_WARN_QUOTED_INCLUDE_IN_FRAMEWORK_HEADER = YES;
				CLANG_WARN_RANGE_LOOP_ANALYSIS = YES;
				CLANG_WARN_STRICT_PROTOTYPES = YES;
				CLANG_WARN_SUSPICIOUS_MOVE = YES;
				CLANG_WARN_UNGUARDED_AVAILABILITY = YES_AGGRESSIVE;
				CLANG_WARN_UNREACHABLE_CODE = YES;
				CLANG_WARN__DUPLICATE_METHOD_MATCH = YES;
				COPY_PHASE_STRIP = NO;
				DEBUG_INFORMATION_FORMAT = "dwarf-with-dsym";
				ENABLE_NS_ASSERTIONS = NO;
				ENABLE_STRICT_OBJC_MSGSEND = YES;
				ENABLE_USER_SCRIPT_SANDBOXING = YES;
				GCC_C_LANGUAGE_STANDARD = gnu17;
				GCC_NO_COMMON_BLOCKS = YES;
				GCC_WARN_64_TO_32_BIT_CONVERSION = YES;
				GCC_WARN_ABOUT_RETURN_TYPE = YES_ERROR;
				GCC_WARN_UNDECLARED_SELECTOR = YES;
				GCC_WARN_UNINITIALIZED_AUTOS = YES_AGGRESSIVE;
				GCC_WARN_UNUSED_FUNCTION = YES;
				GCC_WARN_UNUSED_VARIABLE = YES;
				IPHONEOS_DEPLOYMENT_TARGET = 17.0;
				LOCALIZATION_PREFERS_STRING_CATALOGS = YES;
				MTL_ENABLE_DEBUG_INFO = NO;
				MTL_FAST_MATH = YES;
				SDKROOT = iphoneos;
				SWIFT_COMPILATION_MODE = wholemodule;
				VALIDATE_PRODUCT = YES;
			};
			name = Release;
		};
		86ED02FF2A9F4F80003E3BAB /* Debug */ = {
			isa = XCBuildConfiguration;
			buildSettings = {
				ASSETCATALOG_COMPILER_APPICON_NAME = AppIcon;
				ASSETCATALOG_COMPILER_GLOBAL_ACCENT_COLOR_NAME = AccentColor;
				CODE_SIGN_STYLE = Automatic;
				CURRENT_PROJECT_VERSION = 1;
				DEVELOPMENT_ASSET_PATHS = "\"Workshop_30.08/Preview Content\"";
				DEVELOPMENT_TEAM = 4WQFD456R9;
				ENABLE_PREVIEWS = YES;
				GENERATE_INFOPLIST_FILE = YES;
				INFOPLIST_FILE = "Workshop-30-08-Info.plist";
				INFOPLIST_KEY_UIApplicationSceneManifest_Generation = YES;
				INFOPLIST_KEY_UIApplicationSupportsIndirectInputEvents = YES;
				INFOPLIST_KEY_UILaunchScreen_Generation = YES;
				INFOPLIST_KEY_UISupportedInterfaceOrientations_iPad = "UIInterfaceOrientationPortrait UIInterfaceOrientationPortraitUpsideDown UIInterfaceOrientationLandscapeLeft UIInterfaceOrientationLandscapeRight";
				INFOPLIST_KEY_UISupportedInterfaceOrientations_iPhone = "UIInterfaceOrientationPortrait UIInterfaceOrientationLandscapeLeft UIInterfaceOrientationLandscapeRight";
				LD_RUNPATH_SEARCH_PATHS = (
					"$(inherited)",
					"@executable_path/Frameworks",
				);
				MARKETING_VERSION = 1.0;
				PRODUCT_BUNDLE_IDENTIFIER = "ru.iliaByHimself.Workshop-30-08";
				PRODUCT_NAME = "$(TARGET_NAME)";
				SWIFT_EMIT_LOC_STRINGS = YES;
				SWIFT_VERSION = 5.0;
				TARGETED_DEVICE_FAMILY = "1,2";
			};
			name = Debug;
		};
		86ED03002A9F4F80003E3BAB /* Release */ = {
			isa = XCBuildConfiguration;
			buildSettings = {
				ASSETCATALOG_COMPILER_APPICON_NAME = AppIcon;
				ASSETCATALOG_COMPILER_GLOBAL_ACCENT_COLOR_NAME = AccentColor;
				CODE_SIGN_STYLE = Automatic;
				CURRENT_PROJECT_VERSION = 1;
				DEVELOPMENT_ASSET_PATHS = "\"Workshop_30.08/Preview Content\"";
				DEVELOPMENT_TEAM = 4WQFD456R9;
				ENABLE_PREVIEWS = YES;
				GENERATE_INFOPLIST_FILE = YES;
				INFOPLIST_FILE = "Workshop-30-08-Info.plist";
				INFOPLIST_KEY_UIApplicationSceneManifest_Generation = YES;
				INFOPLIST_KEY_UIApplicationSupportsIndirectInputEvents = YES;
				INFOPLIST_KEY_UILaunchScreen_Generation = YES;
				INFOPLIST_KEY_UISupportedInterfaceOrientations_iPad = "UIInterfaceOrientationPortrait UIInterfaceOrientationPortraitUpsideDown UIInterfaceOrientationLandscapeLeft UIInterfaceOrientationLandscapeRight";
				INFOPLIST_KEY_UISupportedInterfaceOrientations_iPhone = "UIInterfaceOrientationPortrait UIInterfaceOrientationLandscapeLeft UIInterfaceOrientationLandscapeRight";
				LD_RUNPATH_SEARCH_PATHS = (
					"$(inherited)",
					"@executable_path/Frameworks",
				);
				MARKETING_VERSION = 1.0;
				PRODUCT_BUNDLE_IDENTIFIER = "ru.iliaByHimself.Workshop-30-08";
				PRODUCT_NAME = "$(TARGET_NAME)";
				SWIFT_EMIT_LOC_STRINGS = YES;
				SWIFT_VERSION = 5.0;
				TARGETED_DEVICE_FAMILY = "1,2";
			};
			name = Release;
		};
/* End XCBuildConfiguration section */

/* Begin XCConfigurationList section */
		86ED02EB2A9F4F7B003E3BAB /* Build configuration list for PBXProject "Workshop_30.08" */ = {
			isa = XCConfigurationList;
			buildConfigurations = (
				86ED02FC2A9F4F80003E3BAB /* Debug */,
				86ED02FD2A9F4F80003E3BAB /* Release */,
			);
			defaultConfigurationIsVisible = 0;
			defaultConfigurationName = Release;
		};
		86ED02FE2A9F4F80003E3BAB /* Build configuration list for PBXNativeTarget "Workshop_30.08" */ = {
			isa = XCConfigurationList;
			buildConfigurations = (
				86ED02FF2A9F4F80003E3BAB /* Debug */,
				86ED03002A9F4F80003E3BAB /* Release */,
			);
			defaultConfigurationIsVisible = 0;
			defaultConfigurationName = Release;
		};
/* End XCConfigurationList section */
	};
	rootObject = 86ED02E82A9F4F7B003E3BAB /* Project object */;
}
